
Microsoft Visual Studio Solution File, Format Version 12.00
# Visual Studio Version 17
VisualStudioVersion = 17.9.34723.18
MinimumVisualStudioVersion = 10.0.40219.1
Project("{9A19103F-16F7-4668-BE54-9A1E7A4F7556}") = "Task_1", "Task_1.csproj", "{BE8DAC24-21FB-4F25-A461-F42171F3B428}"
EndProject
Project("{FAE04EC0-301F-11D3-BF4B-00C04F79EFBC}") = "Task_1_var_2", "..\Task_1_var_2\Task_1_var_2.csproj", "{1A68781A-EFFE-48CF-BC60-2219C68AE96F}"
EndProject
Global
	GlobalSection(SolutionConfigurationPlatforms) = preSolution
		Debug|Any CPU = Debug|Any CPU
		Release|Any CPU = Release|Any CPU
	EndGlobalSection
	GlobalSection(ProjectConfigurationPlatforms) = postSolution
		{BE8DAC24-21FB-4F25-A461-F42171F3B428}.Debug|Any CPU.ActiveCfg = Debug|Any CPU
		{BE8DAC24-21FB-4F25-A461-F42171F3B428}.Debug|Any CPU.Build.0 = Debug|Any CPU
		{BE8DAC24-21FB-4F25-A461-F42171F3B428}.Release|Any CPU.ActiveCfg = Release|Any CPU
		{BE8DAC24-21FB-4F25-A461-F42171F3B428}.Release|Any CPU.Build.0 = Release|Any CPU
		{1A68781A-EFFE-48CF-BC60-2219C68AE96F}.Debug|Any CPU.ActiveCfg = Debug|Any CPU
		{1A68781A-EFFE-48CF-BC60-2219C68AE96F}.Debug|Any CPU.Build.0 = Debug|Any CPU
		{1A68781A-EFFE-48CF-BC60-2219C68AE96F}.Release|Any CPU.ActiveCfg = Release|Any CPU
		{1A68781A-EFFE-48CF-BC60-2219C68AE96F}.Release|Any CPU.Build.0 = Release|Any CPU
	EndGlobalSection
	GlobalSection(SolutionProperties) = preSolution
		HideSolutionNode = FALSE
	EndGlobalSection
	GlobalSection(ExtensibilityGlobals) = postSolution
		SolutionGuid = {5BB1E474-87CB-4C91-BC2D-CCC5D110E983}
	EndGlobalSection
EndGlobal
